// !$*UTF8*$!
{
	archiveVersion = 1;
	classes = {
	};
	objectVersion = 46;
	objects = {

/* Begin PBXBuildFile section */
		188BFB301CA28DE60004D53E /* main.m in Sources */ = {isa = PBXBuildFile; fileRef = 188BFB2F1CA28DE60004D53E /* main.m */; };
		188BFB331CA28DE60004D53E /* AppDelegate.m in Sources */ = {isa = PBXBuildFile; fileRef = 188BFB321CA28DE60004D53E /* AppDelegate.m */; };
		188BFB361CA28DE60004D53E /* ViewController.m in Sources */ = {isa = PBXBuildFile; fileRef = 188BFB351CA28DE60004D53E /* ViewController.m */; };
		188BFB391CA28DE60004D53E /* Main.storyboard in Resources */ = {isa = PBXBuildFile; fileRef = 188BFB371CA28DE60004D53E /* Main.storyboard */; };
		188BFB3B1CA28DE60004D53E /* Assets.xcassets in Resources */ = {isa = PBXBuildFile; fileRef = 188BFB3A1CA28DE60004D53E /* Assets.xcassets */; };
		188BFB3E1CA28DE60004D53E /* LaunchScreen.storyboard in Resources */ = {isa = PBXBuildFile; fileRef = 188BFB3C1CA28DE60004D53E /* LaunchScreen.storyboard */; };
		188BFB491CA28DE60004D53E /* ObtainPhoneContactTests.m in Sources */ = {isa = PBXBuildFile; fileRef = 188BFB481CA28DE60004D53E /* ObtainPhoneContactTests.m */; };
		188BFB541CA28DE60004D53E /* ObtainPhoneContactUITests.m in Sources */ = {isa = PBXBuildFile; fileRef = 188BFB531CA28DE60004D53E /* ObtainPhoneContactUITests.m */; };
		188BFB621CA28E810004D53E /* AddressBook.framework in Frameworks */ = {isa = PBXBuildFile; fileRef = 188BFB611CA28E810004D53E /* AddressBook.framework */; };
		188BFB641CA28E870004D53E /* AddressBookUI.framework in Frameworks */ = {isa = PBXBuildFile; fileRef = 188BFB631CA28E870004D53E /* AddressBookUI.framework */; };
/* End PBXBuildFile section */

/* Begin PBXContainerItemProxy section */
		188BFB451CA28DE60004D53E /* PBXContainerItemProxy */ = {
			isa = PBXContainerItemProxy;
			containerPortal = 188BFB231CA28DE60004D53E /* Project object */;
			proxyType = 1;
			remoteGlobalIDString = 188BFB2A1CA28DE60004D53E;
			remoteInfo = ObtainPhoneContact;
		};
		188BFB501CA28DE60004D53E /* PBXContainerItemProxy */ = {
			isa = PBXContainerItemProxy;
			containerPortal = 188BFB231CA28DE60004D53E /* Project object */;
			proxyType = 1;
			remoteGlobalIDString = 188BFB2A1CA28DE60004D53E;
			remoteInfo = ObtainPhoneContact;
		};
/* End PBXContainerItemProxy section */

/* Begin PBXFileReference section */
		188BFB2B1CA28DE60004D53E /* ObtainPhoneContact.app */ = {isa = PBXFileReference; explicitFileType = wrapper.application; includeInIndex = 0; path = ObtainPhoneContact.app; sourceTree = BUILT_PRODUCTS_DIR; };
		188BFB2F1CA28DE60004D53E /* main.m */ = {isa = PBXFileReference; lastKnownFileType = sourcecode.c.objc; path = main.m; sourceTree = "<group>"; };
		188BFB311CA28DE60004D53E /* AppDelegate.h */ = {isa = PBXFileReference; lastKnownFileType = sourcecode.c.h; path = AppDelegate.h; sourceTree = "<group>"; };
		188BFB321CA28DE60004D53E /* AppDelegate.m */ = {isa = PBXFileReference; lastKnownFileType = sourcecode.c.objc; path = AppDelegate.m; sourceTree = "<group>"; };
		188BFB341CA28DE60004D53E /* ViewController.h */ = {isa = PBXFileReference; lastKnownFileType = sourcecode.c.h; path = ViewController.h; sourceTree = "<group>"; };
		188BFB351CA28DE60004D53E /* ViewController.m */ = {isa = PBXFileReference; lastKnownFileType = sourcecode.c.objc; path = ViewController.m; sourceTree = "<group>"; };
		188BFB381CA28DE60004D53E /* Base */ = {isa = PBXFileReference; lastKnownFileType = file.storyboard; name = Base; path = Base.lproj/Main.storyboard; sourceTree = "<group>"; };
		188BFB3A1CA28DE60004D53E /* Assets.xcassets */ = {isa = PBXFileReference; lastKnownFileType = folder.assetcatalog; path = Assets.xcassets; sourceTree = "<group>"; };
		188BFB3D1CA28DE60004D53E /* Base */ = {isa = PBXFileReference; lastKnownFileType = file.storyboard; name = Base; path = Base.lproj/LaunchScreen.storyboard; sourceTree = "<group>"; };
		188BFB3F1CA28DE60004D53E /* Info.plist */ = {isa = PBXFileReference; lastKnownFileType = text.plist.xml; path = Info.plist; sourceTree = "<group>"; };
		188BFB441CA28DE60004D53E /* ObtainPhoneContactTests.xctest */ = {isa = PBXFileReference; explicitFileType = wrapper.cfbundle; includeInIndex = 0; path = ObtainPhoneContactTests.xctest; sourceTree = BUILT_PRODUCTS_DIR; };
		188BFB481CA28DE60004D53E /* ObtainPhoneContactTests.m */ = {isa = PBXFileReference; lastKnownFileType = sourcecode.c.objc; path = ObtainPhoneContactTests.m; sourceTree = "<group>"; };
		188BFB4A1CA28DE60004D53E /* Info.plist */ = {isa = PBXFileReference; lastKnownFileType = text.plist.xml; path = Info.plist; sourceTree = "<group>"; };
		188BFB4F1CA28DE60004D53E /* ObtainPhoneContactUITests.xctest */ = {isa = PBXFileReference; explicitFileType = wrapper.cfbundle; includeInIndex = 0; path = ObtainPhoneContactUITests.xctest; sourceTree = BUILT_PRODUCTS_DIR; };
		188BFB531CA28DE60004D53E /* ObtainPhoneContactUITests.m */ = {isa = PBXFileReference; lastKnownFileType = sourcecode.c.objc; path = ObtainPhoneContactUITests.m; sourceTree = "<group>"; };
		188BFB551CA28DE60004D53E /* Info.plist */ = {isa = PBXFileReference; lastKnownFileType = text.plist.xml; path = Info.plist; sourceTree = "<group>"; };
		188BFB611CA28E810004D53E /* AddressBook.framework */ = {isa = PBXFileReference; lastKnownFileType = wrapper.framework; name = AddressBook.framework; path = System/Library/Frameworks/AddressBook.framework; sourceTree = SDKROOT; };
		188BFB631CA28E870004D53E /* AddressBookUI.framework */ = {isa = PBXFileReference; lastKnownFileType = wrapper.framework; name = AddressBookUI.framework; path = System/Library/Frameworks/AddressBookUI.framework; sourceTree = SDKROOT; };
/* End PBXFileReference section */

/* Begin PBXFrameworksBuildPhase section */
		188BFB281CA28DE60004D53E /* Frameworks */ = {
			isa = PBXFrameworksBuildPhase;
			buildActionMask = 2147483647;
			files = (
				188BFB641CA28E870004D53E /* AddressBookUI.framework in Frameworks */,
				188BFB621CA28E810004D53E /* AddressBook.framework in Frameworks */,
			);
			runOnlyForDeploymentPostprocessing = 0;
		};
		188BFB411CA28DE60004D53E /* Frameworks */ = {
			isa = PBXFrameworksBuildPhase;
			buildActionMask = 2147483647;
			files = (
			);
			runOnlyForDeploymentPostprocessing = 0;
		};
		188BFB4C1CA28DE60004D53E /* Frameworks */ = {
			isa = PBXFrameworksBuildPhase;
			buildActionMask = 2147483647;
			files = (
			);
			runOnlyForDeploymentPostprocessing = 0;
		};
/* End PBXFrameworksBuildPhase section */

/* Begin PBXGroup section */
		188BFB221CA28DE60004D53E = {
			isa = PBXGroup;
			children = (
				188BFB631CA28E870004D53E /* AddressBookUI.framework */,
				188BFB611CA28E810004D53E /* AddressBook.framework */,
				188BFB2D1CA28DE60004D53E /* ObtainPhoneContact */,
				188BFB471CA28DE60004D53E /* ObtainPhoneContactTests */,
				188BFB521CA28DE60004D53E /* ObtainPhoneContactUITests */,
				188BFB2C1CA28DE60004D53E /* Products */,
			);
			sourceTree = "<group>";
		};
		188BFB2C1CA28DE60004D53E /* Products */ = {
			isa = PBXGroup;
			children = (
				188BFB2B1CA28DE60004D53E /* ObtainPhoneContact.app */,
				188BFB441CA28DE60004D53E /* ObtainPhoneContactTests.xctest */,
				188BFB4F1CA28DE60004D53E /* ObtainPhoneContactUITests.xctest */,
			);
			name = Products;
			sourceTree = "<group>";
		};
		188BFB2D1CA28DE60004D53E /* ObtainPhoneContact */ = {
			isa = PBXGroup;
			children = (
				188BFB311CA28DE60004D53E /* AppDelegate.h */,
				188BFB321CA28DE60004D53E /* AppDelegate.m */,
				188BFB341CA28DE60004D53E /* ViewController.h */,
				188BFB351CA28DE60004D53E /* ViewController.m */,
				188BFB371CA28DE60004D53E /* Main.storyboard */,
				188BFB3A1CA28DE60004D53E /* Assets.xcassets */,
				188BFB3C1CA28DE60004D53E /* LaunchScreen.storyboard */,
				188BFB3F1CA28DE60004D53E /* Info.plist */,
				188BFB2E1CA28DE60004D53E /* Supporting Files */,
			);
			path = ObtainPhoneContact;
			sourceTree = "<group>";
		};
		188BFB2E1CA28DE60004D53E /* Supporting Files */ = {
			isa = PBXGroup;
			children = (
				188BFB2F1CA28DE60004D53E /* main.m */,
			);
			name = "Supporting Files";
			sourceTree = "<group>";
		};
		188BFB471CA28DE60004D53E /* ObtainPhoneContactTests */ = {
			isa = PBXGroup;
			children = (
				188BFB481CA28DE60004D53E /* ObtainPhoneContactTests.m */,
				188BFB4A1CA28DE60004D53E /* Info.plist */,
			);
			path = ObtainPhoneContactTests;
			sourceTree = "<group>";
		};
		188BFB521CA28DE60004D53E /* ObtainPhoneContactUITests */ = {
			isa = PBXGroup;
			children = (
				188BFB531CA28DE60004D53E /* ObtainPhoneContactUITests.m */,
				188BFB551CA28DE60004D53E /* Info.plist */,
			);
			path = ObtainPhoneContactUITests;
			sourceTree = "<group>";
		};
/* End PBXGroup section */

/* Begin PBXNativeTarget section */
		188BFB2A1CA28DE60004D53E /* ObtainPhoneContact */ = {
			isa = PBXNativeTarget;
			buildConfigurationList = 188BFB581CA28DE60004D53E /* Build configuration list for PBXNativeTarget "ObtainPhoneContact" */;
			buildPhases = (
				188BFB271CA28DE60004D53E /* Sources */,
				188BFB281CA28DE60004D53E /* Frameworks */,
				188BFB291CA28DE60004D53E /* Resources */,
			);
			buildRules = (
			);
			dependencies = (
			);
			name = ObtainPhoneContact;
			productName = ObtainPhoneContact;
			productReference = 188BFB2B1CA28DE60004D53E /* ObtainPhoneContact.app */;
			productType = "com.apple.product-type.application";
		};
		188BFB431CA28DE60004D53E /* ObtainPhoneContactTests */ = {
			isa = PBXNativeTarget;
			buildConfigurationList = 188BFB5B1CA28DE60004D53E /* Build configuration list for PBXNativeTarget "ObtainPhoneContactTests" */;
			buildPhases = (
				188BFB401CA28DE60004D53E /* Sources */,
				188BFB411CA28DE60004D53E /* Frameworks */,
				188BFB421CA28DE60004D53E /* Resources */,
			);
			buildRules = (
			);
			dependencies = (
				188BFB461CA28DE60004D53E /* PBXTargetDependency */,
			);
			name = ObtainPhoneContactTests;
			productName = ObtainPhoneContactTests;
			productReference = 188BFB441CA28DE60004D53E /* ObtainPhoneContactTests.xctest */;
			productType = "com.apple.product-type.bundle.unit-test";
		};
		188BFB4E1CA28DE60004D53E /* ObtainPhoneContactUITests */ = {
			isa = PBXNativeTarget;
			buildConfigurationList = 188BFB5E1CA28DE60004D53E /* Build configuration list for PBXNativeTarget "ObtainPhoneContactUITests" */;
			buildPhases = (
				188BFB4B1CA28DE60004D53E /* Sources */,
				188BFB4C1CA28DE60004D53E /* Frameworks */,
				188BFB4D1CA28DE60004D53E /* Resources */,
			);
			buildRules = (
			);
			dependencies = (
				188BFB511CA28DE60004D53E /* PBXTargetDependency */,
			);
			name = ObtainPhoneContactUITests;
			productName = ObtainPhoneContactUITests;
			productReference = 188BFB4F1CA28DE60004D53E /* ObtainPhoneContactUITests.xctest */;
			productType = "com.apple.product-type.bundle.ui-testing";
		};
/* End PBXNativeTarget section */

/* Begin PBXProject section */
		188BFB231CA28DE60004D53E /* Project object */ = {
			isa = PBXProject;
			attributes = {
				LastUpgradeCheck = 0720;
				ORGANIZATIONNAME = ZhangFan;
				TargetAttributes = {
					188BFB2A1CA28DE60004D53E = {
						CreatedOnToolsVersion = 7.2;
						DevelopmentTeam = WD597LE4H4;
					};
					188BFB431CA28DE60004D53E = {
						CreatedOnToolsVersion = 7.2;
						TestTargetID = 188BFB2A1CA28DE60004D53E;
					};
					188BFB4E1CA28DE60004D53E = {
						CreatedOnToolsVersion = 7.2;
						TestTargetID = 188BFB2A1CA28DE60004D53E;
					};
				};
			};
			buildConfigurationList = 188BFB261CA28DE60004D53E /* Build configuration list for PBXProject "ObtainPhoneContact" */;
			compatibilityVersion = "Xcode 3.2";
			developmentRegion = English;
			hasScannedForEncodings = 0;
			knownRegions = (
				en,
				Base,
			);
			mainGroup = 188BFB221CA28DE60004D53E;
			productRefGroup = 188BFB2C1CA28DE60004D53E /* Products */;
			projectDirPath = "";
			projectRoot = "";
			targets = (
				188BFB2A1CA28DE60004D53E /* ObtainPhoneContact */,
				188BFB431CA28DE60004D53E /* ObtainPhoneContactTests */,
				188BFB4E1CA28DE60004D53E /* ObtainPhoneContactUITests */,
			);
		};
/* End PBXProject section */

/* Begin PBXResourcesBuildPhase section */
		188BFB291CA28DE60004D53E /* Resources */ = {
			isa = PBXResourcesBuildPhase;
			buildActionMask = 2147483647;
			files = (
				188BFB3E1CA28DE60004D53E /* LaunchScreen.storyboard in Resources */,
				188BFB3B1CA28DE60004D53E /* Assets.xcassets in Resources */,
				188BFB391CA28DE60004D53E /* Main.storyboard in Resources */,
			);
			runOnlyForDeploymentPostprocessing = 0;
		};
		188BFB421CA28DE60004D53E /* Resources */ = {
			isa = PBXResourcesBuildPhase;
			buildActionMask = 2147483647;
			files = (
			);
			runOnlyForDeploymentPostprocessing = 0;
		};
		188BFB4D1CA28DE60004D53E /* Resources */ = {
			isa = PBXResourcesBuildPhase;
			buildActionMask = 2147483647;
			files = (
			);
			runOnlyForDeploymentPostprocessing = 0;
		};
/* End PBXResourcesBuildPhase section */

/* Begin PBXSourcesBuildPhase section */
		188BFB271CA28DE60004D53E /* Sources */ = {
			isa = PBXSourcesBuildPhase;
			buildActionMask = 2147483647;
			files = (
				188BFB361CA28DE60004D53E /* ViewController.m in Sources */,
				188BFB331CA28DE60004D53E /* AppDelegate.m in Sources */,
				188BFB301CA28DE60004D53E /* main.m in Sources */,
			);
			runOnlyForDeploymentPostprocessing = 0;
		};
		188BFB401CA28DE60004D53E /* Sources */ = {
			isa = PBXSourcesBuildPhase;
			buildActionMask = 2147483647;
			files = (
				188BFB491CA28DE60004D53E /* ObtainPhoneContactTests.m in Sources */,
			);
			runOnlyForDeploymentPostprocessing = 0;
		};
		188BFB4B1CA28DE60004D53E /* Sources */ = {
			isa = PBXSourcesBuildPhase;
			buildActionMask = 2147483647;
			files = (
				188BFB541CA28DE60004D53E /* ObtainPhoneContactUITests.m in Sources */,
			);
			runOnlyForDeploymentPostprocessing = 0;
		};
/* End PBXSourcesBuildPhase section */

/* Begin PBXTargetDependency section */
		188BFB461CA28DE60004D53E /* PBXTargetDependency */ = {
			isa = PBXTargetDependency;
			target = 188BFB2A1CA28DE60004D53E /* ObtainPhoneContact */;
			targetProxy = 188BFB451CA28DE60004D53E /* PBXContainerItemProxy */;
		};
		188BFB511CA28DE60004D53E /* PBXTargetDependency */ = {
			isa = PBXTargetDependency;
			target = 188BFB2A1CA28DE60004D53E /* ObtainPhoneContact */;
			targetProxy = 188BFB501CA28DE60004D53E /* PBXContainerItemProxy */;
		};
/* End PBXTargetDependency section */

/* Begin PBXVariantGroup section */
		188BFB371CA28DE60004D53E /* Main.storyboard */ = {
			isa = PBXVariantGroup;
			children = (
				188BFB381CA28DE60004D53E /* Base */,
			);
			name = Main.storyboard;
			sourceTree = "<group>";
		};
		188BFB3C1CA28DE60004D53E /* LaunchScreen.storyboard */ = {
			isa = PBXVariantGroup;
			children = (
				188BFB3D1CA28DE60004D53E /* Base */,
			);
			name = LaunchScreen.storyboard;
			sourceTree = "<group>";
		};
/* End PBXVariantGroup section */

/* Begin XCBuildConfiguration section */
		188BFB561CA28DE60004D53E /* Debug */ = {
			isa = XCBuildConfiguration;
			buildSettings = {
				ALWAYS_SEARCH_USER_PATHS = NO;
				CLANG_CXX_LANGUAGE_STANDARD = "gnu++0x";
				CLANG_CXX_LIBRARY = "libc++";
				CLANG_ENABLE_MODULES = YES;
				CLANG_ENABLE_OBJC_ARC = YES;
				CLANG_WARN_BOOL_CONVERSION = YES;
				CLANG_WARN_CONSTANT_CONVERSION = YES;
				CLANG_WARN_DIRECT_OBJC_ISA_USAGE = YES_ERROR;
				CLANG_WARN_EMPTY_BODY = YES;
				CLANG_WARN_ENUM_CONVERSION = YES;
				CLANG_WARN_INT_CONVERSION = YES;
				CLANG_WARN_OBJC_ROOT_CLASS = YES_ERROR;
				CLANG_WARN_UNREACHABLE_CODE = YES;
				CLANG_WARN__DUPLICATE_METHOD_MATCH = YES;
				"CODE_SIGN_IDENTITY[sdk=iphoneos*]" = "iPhone Developer";
				COPY_PHASE_STRIP = NO;
				DEBUG_INFORMATION_FORMAT = dwarf;
				ENABLE_STRICT_OBJC_MSGSEND = YES;
				ENABLE_TESTABILITY = YES;
				GCC_C_LANGUAGE_STANDARD = gnu99;
				GCC_DYNAMIC_NO_PIC = NO;
				GCC_NO_COMMON_BLOCKS = YES;
				GCC_OPTIMIZATION_LEVEL = 0;
				GCC_PREPROCESSOR_DEFINITIONS = (
					"DEBUG=1",
					"$(inherited)",
				);
				GCC_WARN_64_TO_32_BIT_CONVERSION = YES;
				GCC_WARN_ABOUT_RETURN_TYPE = YES_ERROR;
				GCC_WARN_UNDECLARED_SELECTOR = YES;
				GCC_WARN_UNINITIALIZED_AUTOS = YES_AGGRESSIVE;
				GCC_WARN_UNUSED_FUNCTION = YES;
				GCC_WARN_UNUSED_VARIABLE = YES;
				IPHONEOS_DEPLOYMENT_TARGET = 9.2;
				MTL_ENABLE_DEBUG_INFO = YES;
				ONLY_ACTIVE_ARCH = YES;
				SDKROOT = iphoneos;
				TARGETED_DEVICE_FAMILY = "1,2";
			};
			name = Debug;
		};
		188BFB571CA28DE60004D53E /* Release */ = {
			isa = XCBuildConfiguration;
			buildSettings = {
				ALWAYS_SEARCH_USER_PATHS = NO;
				CLANG_CXX_LANGUAGE_STANDARD = "gnu++0x";
				CLANG_CXX_LIBRARY = "libc++";
				CLANG_ENABLE_MODULES = YES;
				CLANG_ENABLE_OBJC_ARC = YES;
				CLANG_WARN_BOOL_CONVERSION = YES;
				CLANG_WARN_CONSTANT_CONVERSION = YES;
				CLANG_WARN_DIRECT_OBJC_ISA_USAGE = YES_ERROR;
				CLANG_WARN_EMPTY_BODY = YES;
				CLANG_WARN_ENUM_CONVERSION = YES;
				CLANG_WARN_INT_CONVERSION = YES;
				CLANG_WARN_OBJC_ROOT_CLASS = YES_ERROR;
				CLANG_WARN_UNREACHABLE_CODE = YES;
				CLANG_WARN__DUPLICATE_METHOD_MATCH = YES;
				"CODE_SIGN_IDENTITY[sdk=iphoneos*]" = "iPhone Developer";
				COPY_PHASE_STRIP = NO;
				DEBUG_INFORMATION_FORMAT = "dwarf-with-dsym";
				ENABLE_NS_ASSERTIONS = NO;
				ENABLE_STRICT_OBJC_MSGSEND = YES;
				GCC_C_LANGUAGE_STANDARD = gnu99;
				GCC_NO_COMMON_BLOCKS = YES;
				GCC_WARN_64_TO_32_BIT_CONVERSION = YES;
				GCC_WARN_ABOUT_RETURN_TYPE = YES_ERROR;
				GCC_WARN_UNDECLARED_SELECTOR = YES;
				GCC_WARN_UNINITIALIZED_AUTOS = YES_AGGRESSIVE;
				GCC_WARN_UNUSED_FUNCTION = YES;
				GCC_WARN_UNUSED_VARIABLE = YES;
				IPHONEOS_DEPLOYMENT_TARGET = 9.2;
				MTL_ENABLE_DEBUG_INFO = NO;
				SDKROOT = iphoneos;
				TARGETED_DEVICE_FAMILY = "1,2";
				VALIDATE_PRODUCT = YES;
			};
			name = Release;
		};
		188BFB591CA28DE60004D53E /* Debug */ = {
			isa = XCBuildConfiguration;
			buildSettings = {
				ASSETCATALOG_COMPILER_APPICON_NAME = AppIcon;
				CODE_SIGN_IDENTITY = "iPhone Developer";
				"CODE_SIGN_IDENTITY[sdk=iphoneos*]" = "iPhone Developer";
				INFOPLIST_FILE = ObtainPhoneContact/Info.plist;
				LD_RUNPATH_SEARCH_PATHS = "$(inherited) @executable_path/Frameworks";
				PRODUCT_BUNDLE_IDENTIFIER = org.zhangYing.ObtainPhoneContact;
				PRODUCT_NAME = "$(TARGET_NAME)";
				PROVISIONING_PROFILE = "";
			};
			name = Debug;
		};
		188BFB5A1CA28DE60004D53E /* Release */ = {
			isa = XCBuildConfiguration;
			buildSettings = {
				ASSETCATALOG_COMPILER_APPICON_NAME = AppIcon;
				CODE_SIGN_IDENTITY = "iPhone Developer";
				"CODE_SIGN_IDENTITY[sdk=iphoneos*]" = "iPhone Developer";
				INFOPLIST_FILE = ObtainPhoneContact/Info.plist;
				LD_RUNPATH_SEARCH_PATHS = "$(inherited) @executable_path/Frameworks";
				PRODUCT_BUNDLE_IDENTIFIER = org.zhangYing.ObtainPhoneContact;
				PRODUCT_NAME = "$(TARGET_NAME)";
				PROVISIONING_PROFILE = "";
			};
			name = Release;
		};
		188BFB5C1CA28DE60004D53E /* Debug */ = {
			isa = XCBuildConfiguration;
			buildSettings = {
				BUNDLE_LOADER = "$(TEST_HOST)";
				INFOPLIST_FILE = ObtainPhoneContactTests/Info.plist;
				LD_RUNPATH_SEARCH_PATHS = "$(inherited) @executable_path/Frameworks @loader_path/Frameworks";
				PRODUCT_BUNDLE_IDENTIFIER = org.zhangYing.ObtainPhoneContactTests;
				PRODUCT_NAME = "$(TARGET_NAME)";
				TEST_HOST = "$(BUILT_PRODUCTS_DIR)/ObtainPhoneContact.app/ObtainPhoneContact";
			};
			name = Debug;
		};
		188BFB5D1CA28DE60004D53E /* Release */ = {
			isa = XCBuildConfiguration;
			buildSettings = {
				BUNDLE_LOADER = "$(TEST_HOST)";
				INFOPLIST_FILE = ObtainPhoneContactTests/Info.plist;
				LD_RUNPATH_SEARCH_PATHS = "$(inherited) @executable_path/Frameworks @loader_path/Frameworks";
				PRODUCT_BUNDLE_IDENTIFIER = org.zhangYing.ObtainPhoneContactTests;
				PRODUCT_NAME = "$(TARGET_NAME)";
				TEST_HOST = "$(BUILT_PRODUCTS_DIR)/ObtainPhoneContact.app/ObtainPhoneContact";
			};
			name = Release;
		};
		188BFB5F1CA28DE60004D53E /* Debug */ = {
			isa = XCBuildConfiguration;
			buildSettings = {
				INFOPLIST_FILE = ObtainPhoneContactUITests/Info.plist;
				LD_RUNPATH_SEARCH_PATHS = "$(inherited) @executable_path/Frameworks @loader_path/Frameworks";
				PRODUCT_BUNDLE_IDENTIFIER = org.zhangYing.ObtainPhoneContactUITests;
				PRODUCT_NAME = "$(TARGET_NAME)";
				TEST_TARGET_NAME = ObtainPhoneContact;
				USES_XCTRUNNER = YES;
			};
			name = Debug;
		};
		188BFB601CA28DE60004D53E /* Release */ = {
			isa = XCBuildConfiguration;
			buildSettings = {
				INFOPLIST_FILE = ObtainPhoneContactUITests/Info.plist;
				LD_RUNPATH_SEARCH_PATHS = "$(inherited) @executable_path/Frameworks @loader_path/Frameworks";
				PRODUCT_BUNDLE_IDENTIFIER = org.zhangYing.ObtainPhoneContactUITests;
				PRODUCT_NAME = "$(TARGET_NAME)";
				TEST_TARGET_NAME = ObtainPhoneContact;
				USES_XCTRUNNER = YES;
			};
			name = Release;
		};
/* End XCBuildConfiguration section */

/* Begin XCConfigurationList section */
		188BFB261CA28DE60004D53E /* Build configuration list for PBXProject "ObtainPhoneContact" */ = {
			isa = XCConfigurationList;
			buildConfigurations = (
				188BFB561CA28DE60004D53E /* Debug */,
				188BFB571CA28DE60004D53E /* Release */,
			);
			defaultConfigurationIsVisible = 0;
			defaultConfigurationName = Release;
		};
		188BFB581CA28DE60004D53E /* Build configuration list for PBXNativeTarget "ObtainPhoneContact" */ = {
			isa = XCConfigurationList;
			buildConfigurations = (
				188BFB591CA28DE60004D53E /* Debug */,
				188BFB5A1CA28DE60004D53E /* Release */,
			);
			defaultConfigurationIsVisible = 0;
		};
		188BFB5B1CA28DE60004D53E /* Build configuration list for PBXNativeTarget "ObtainPhoneContactTests" */ = {
			isa = XCConfigurationList;
			buildConfigurations = (
				188BFB5C1CA28DE60004D53E /* Debug */,
				188BFB5D1CA28DE60004D53E /* Release */,
			);
			defaultConfigurationIsVisible = 0;
		};
		188BFB5E1CA28DE60004D53E /* Build configuration list for PBXNativeTarget "ObtainPhoneContactUITests" */ = {
			isa = XCConfigurationList;
			buildConfigurations = (
				188BFB5F1CA28DE60004D53E /* Debug */,
				188BFB601CA28DE60004D53E /* Release */,
			);
			defaultConfigurationIsVisible = 0;
		};
/* End XCConfigurationList section */
	};
	rootObject = 188BFB231CA28DE60004D53E /* Project object */;
}
